
Microsoft Visual Studio Solution File, Format Version 12.00
# Visual Studio Version 17
VisualStudioVersion = 17.1.32228.430
MinimumVisualStudioVersion = 10.0.40219.1
Project("{FAE04EC0-301F-11D3-BF4B-00C04F79EFBC}") = "Uticode.DependencyInjectionPatterns", "Uticode.DependencyInjectionPatterns\Uticode.DependencyInjectionPatterns.csproj", "{CBC21408-80D1-4FB0-8F49-BA2CABA16002}"
EndProject
Global
	GlobalSection(SolutionConfigurationPlatforms) = preSolution
		Debug|Any CPU = Debug|Any CPU
		Release|Any CPU = Release|Any CPU
	EndGlobalSection
	GlobalSection(ProjectConfigurationPlatforms) = postSolution
		{CBC21408-80D1-4FB0-8F49-BA2CABA16002}.Debug|Any CPU.ActiveCfg = Debug|Any CPU
		{CBC21408-80D1-4FB0-8F49-BA2CABA16002}.Debug|Any CPU.Build.0 = Debug|Any CPU
		{CBC21408-80D1-4FB0-8F49-BA2CABA16002}.Release|Any CPU.ActiveCfg = Release|Any CPU
		{CBC21408-80D1-4FB0-8F49-BA2CABA16002}.Release|Any CPU.Build.0 = Release|Any CPU
	EndGlobalSection
	GlobalSection(SolutionProperties) = preSolution
		HideSolutionNode = FALSE
	EndGlobalSection
	GlobalSection(ExtensibilityGlobals) = postSolution
		SolutionGuid = {18E65E1B-A43C-40A1-B142-FBCCAC72E30F}
	EndGlobalSection
EndGlobal
